schema: '2.0'
stages:
  preprocess:
    cmd: python taed2_smarthealth_ai/preprocess_obesity.py
    deps:
    - path: data/raw/ObesityDataSet_raw_and_data_sinthetic.csv
      hash: md5
      md5: aff636fcccdf0a24ed7186e48bad2548
      size: 263646
    - path: params.yaml
      hash: md5
      md5: 85c1449021c2d37be4527079b6ab16be
      size: 494
    - path: taed2_smarthealth_ai/preprocess_obesity.py
      hash: md5
      md5: edb79c5f992df338f2c2bcb453b40772
      size: 4639
    outs:
    - path: data/interim/obesity_clean.csv
      hash: md5
      md5: f2bb6aec2a2cb99c0d207ba5b7bf8614
      size: 172106
  split:
    cmd: python taed2_smarthealth_ai/split_obesity.py
    deps:
    - path: data/interim/obesity_clean.csv
      hash: md5
      md5: f2bb6aec2a2cb99c0d207ba5b7bf8614
      size: 172106
    - path: params.yaml
      hash: md5
      md5: 85c1449021c2d37be4527079b6ab16be
      size: 494
    - path: taed2_smarthealth_ai/split_obesity.py
      hash: md5
      md5: f0e6f2dda3a9cf5fbaf78e4bbb0c704d
      size: 1326
    outs:
    - path: data/processed/test.csv
      hash: md5
      md5: d58bf855ed297b6335c83e25c67f4d81
      size: 34510
    - path: data/processed/train.csv
      hash: md5
      md5: 4e07291e4a035b0bb1d544e251b6f7d6
      size: 120869
    - path: data/processed/validation.csv
      hash: md5
      md5: 761a4c20c7ae3c7bc60b2570fa834981
      size: 17075
  train:
    cmd: python taed2_smarthealth_ai/train_obesity.py
    deps:
    - path: data/processed/train.csv
      hash: md5
      md5: 4e07291e4a035b0bb1d544e251b6f7d6
      size: 120869
    - path: data/processed/validation.csv
      hash: md5
      md5: 761a4c20c7ae3c7bc60b2570fa834981
      size: 17075
    - path: params.yaml
      hash: md5
      md5: 85c1449021c2d37be4527079b6ab16be
      size: 494
    - path: taed2_smarthealth_ai/train_obesity.py
      hash: md5
      md5: fa40c155ea5b9eb757d1f877b2f2ac6c
      size: 3203
    outs:
    - path: metrics.json
      hash: md5
      md5: 61ba6231d61e5794432d87b22ac7a9c6
      size: 81
    - path: models/obesity-clf
      hash: md5
      md5: d6622a14db875af25d8e01e76b96ec46.dir
      size: 15716377
      nfiles: 4
